
Microsoft Visual Studio Solution File, Format Version 12.00
# Visual Studio Version 17
VisualStudioVersion = 17.6.33815.320
MinimumVisualStudioVersion = 10.0.40219.1
Project("{FAE04EC0-301F-11D3-BF4B-00C04F79EFBC}") = "Hospital", "Hospital.csproj", "{F5FC3D86-BC5A-4724-985A-D7873FF25EBC}"
EndProject
Global
	GlobalSection(SolutionConfigurationPlatforms) = preSolution
		Debug|Any CPU = Debug|Any CPU
		Release|Any CPU = Release|Any CPU
	EndGlobalSection
	GlobalSection(ProjectConfigurationPlatforms) = postSolution
		{F5FC3D86-BC5A-4724-985A-D7873FF25EBC}.Debug|Any CPU.ActiveCfg = Debug|Any CPU
		{F5FC3D86-BC5A-4724-985A-D7873FF25EBC}.Debug|Any CPU.Build.0 = Debug|Any CPU
		{F5FC3D86-BC5A-4724-985A-D7873FF25EBC}.Release|Any CPU.ActiveCfg = Release|Any CPU
		{F5FC3D86-BC5A-4724-985A-D7873FF25EBC}.Release|Any CPU.Build.0 = Release|Any CPU
	EndGlobalSection
	GlobalSection(SolutionProperties) = preSolution
		HideSolutionNode = FALSE
	EndGlobalSection
	GlobalSection(ExtensibilityGlobals) = postSolution
		SolutionGuid = {C0A0E069-6D08-4620-9FD4-E93C50A5F799}
	EndGlobalSection
EndGlobal
